
Microsoft Visual Studio Solution File, Format Version 12.00
# Visual Studio Version 17
VisualStudioVersion = 17.9.34723.18
MinimumVisualStudioVersion = 10.0.40219.1
Project("{9A19103F-16F7-4668-BE54-9A1E7A4F7556}") = "BloodBanking.Api", "BloodBanking\BloodBanking.Api.csproj", "{8B8D0A18-15F1-487E-B4BB-017AF6FFB35C}"
EndProject
Project("{9A19103F-16F7-4668-BE54-9A1E7A4F7556}") = "BloodBanking.Application", "BloodDonation.Application\BloodBanking.Application.csproj", "{6389EE0B-C132-4D0B-841E-2892E98FA5F0}"
EndProject
Project("{9A19103F-16F7-4668-BE54-9A1E7A4F7556}") = "BloodBanking.Core", "BloodDonation.Core\BloodBanking.Core.csproj", "{C1A62C68-53B1-424A-B3BD-D0E8438D5D73}"
EndProject
Project("{9A19103F-16F7-4668-BE54-9A1E7A4F7556}") = "BloodBanking.Infrastructure", "BloodDonation.Infrastructure\BloodBanking.Infrastructure.csproj", "{FD77D1DD-30B2-4A54-931F-F23F89224F8F}"
EndProject
Project("{2150E333-8FDC-42A3-9474-1A3956D46DE8}") = "Solution Items", "Solution Items", "{343899A3-6A7D-4D5A-92FA-4C3A54548255}"
	ProjectSection(SolutionItems) = preProject
		.editorconfig = .editorconfig
	EndProjectSection
EndProject
Project("{FAE04EC0-301F-11D3-BF4B-00C04F79EFBC}") = "BloodBanking.Teste", "BloodBanking.Teste\BloodBanking.Teste.csproj", "{4E4AA6D4-42EB-4C11-AF47-E00E81C7E7CA}"
EndProject
Global
	GlobalSection(SolutionConfigurationPlatforms) = preSolution
		Debug|Any CPU = Debug|Any CPU
		Release|Any CPU = Release|Any CPU
	EndGlobalSection
	GlobalSection(ProjectConfigurationPlatforms) = postSolution
		{8B8D0A18-15F1-487E-B4BB-017AF6FFB35C}.Debug|Any CPU.ActiveCfg = Debug|Any CPU
		{8B8D0A18-15F1-487E-B4BB-017AF6FFB35C}.Debug|Any CPU.Build.0 = Debug|Any CPU
		{8B8D0A18-15F1-487E-B4BB-017AF6FFB35C}.Release|Any CPU.ActiveCfg = Release|Any CPU
		{8B8D0A18-15F1-487E-B4BB-017AF6FFB35C}.Release|Any CPU.Build.0 = Release|Any CPU
		{6389EE0B-C132-4D0B-841E-2892E98FA5F0}.Debug|Any CPU.ActiveCfg = Debug|Any CPU
		{6389EE0B-C132-4D0B-841E-2892E98FA5F0}.Debug|Any CPU.Build.0 = Debug|Any CPU
		{6389EE0B-C132-4D0B-841E-2892E98FA5F0}.Release|Any CPU.ActiveCfg = Release|Any CPU
		{6389EE0B-C132-4D0B-841E-2892E98FA5F0}.Release|Any CPU.Build.0 = Release|Any CPU
		{C1A62C68-53B1-424A-B3BD-D0E8438D5D73}.Debug|Any CPU.ActiveCfg = Debug|Any CPU
		{C1A62C68-53B1-424A-B3BD-D0E8438D5D73}.Debug|Any CPU.Build.0 = Debug|Any CPU
		{C1A62C68-53B1-424A-B3BD-D0E8438D5D73}.Release|Any CPU.ActiveCfg = Release|Any CPU
		{C1A62C68-53B1-424A-B3BD-D0E8438D5D73}.Release|Any CPU.Build.0 = Release|Any CPU
		{FD77D1DD-30B2-4A54-931F-F23F89224F8F}.Debug|Any CPU.ActiveCfg = Debug|Any CPU
		{FD77D1DD-30B2-4A54-931F-F23F89224F8F}.Debug|Any CPU.Build.0 = Debug|Any CPU
		{FD77D1DD-30B2-4A54-931F-F23F89224F8F}.Release|Any CPU.ActiveCfg = Release|Any CPU
		{FD77D1DD-30B2-4A54-931F-F23F89224F8F}.Release|Any CPU.Build.0 = Release|Any CPU
		{4E4AA6D4-42EB-4C11-AF47-E00E81C7E7CA}.Debug|Any CPU.ActiveCfg = Debug|Any CPU
		{4E4AA6D4-42EB-4C11-AF47-E00E81C7E7CA}.Debug|Any CPU.Build.0 = Debug|Any CPU
		{4E4AA6D4-42EB-4C11-AF47-E00E81C7E7CA}.Release|Any CPU.ActiveCfg = Release|Any CPU
		{4E4AA6D4-42EB-4C11-AF47-E00E81C7E7CA}.Release|Any CPU.Build.0 = Release|Any CPU
	EndGlobalSection
	GlobalSection(SolutionProperties) = preSolution
		HideSolutionNode = FALSE
	EndGlobalSection
	GlobalSection(ExtensibilityGlobals) = postSolution
		SolutionGuid = {7750A63B-B298-4072-A585-88723628A3AD}
	EndGlobalSection
EndGlobal
